
Microsoft Visual Studio Solution File, Format Version 12.00
# Visual Studio Version 17
VisualStudioVersion = 17.3.32929.385
MinimumVisualStudioVersion = 10.0.40219.1
Project("{8BC9CEB8-8B4A-11D0-8D11-00A0C91BC942}") = "CrazyGame", "CrazyGame\CrazyGame.vcxproj", "{04BEC15C-8E44-425F-8E26-0974ABEA5013}"
EndProject
Global
	GlobalSection(SolutionConfigurationPlatforms) = preSolution
		Debug|x64 = Debug|x64
		Debug|x86 = Debug|x86
		Release|x64 = Release|x64
		Release|x86 = Release|x86
	EndGlobalSection
	GlobalSection(ProjectConfigurationPlatforms) = postSolution
		{04BEC15C-8E44-425F-8E26-0974ABEA5013}.Debug|x64.ActiveCfg = Debug|x64
		{04BEC15C-8E44-425F-8E26-0974ABEA5013}.Debug|x64.Build.0 = Debug|x64
		{04BEC15C-8E44-425F-8E26-0974ABEA5013}.Debug|x86.ActiveCfg = Debug|Win32
		{04BEC15C-8E44-425F-8E26-0974ABEA5013}.Debug|x86.Build.0 = Debug|Win32
		{04BEC15C-8E44-425F-8E26-0974ABEA5013}.Release|x64.ActiveCfg = Release|x64
		{04BEC15C-8E44-425F-8E26-0974ABEA5013}.Release|x64.Build.0 = Release|x64
		{04BEC15C-8E44-425F-8E26-0974ABEA5013}.Release|x86.ActiveCfg = Release|Win32
		{04BEC15C-8E44-425F-8E26-0974ABEA5013}.Release|x86.Build.0 = Release|Win32
	EndGlobalSection
	GlobalSection(SolutionProperties) = preSolution
		HideSolutionNode = FALSE
	EndGlobalSection
	GlobalSection(ExtensibilityGlobals) = postSolution
		SolutionGuid = {AD73E199-5D4D-4F04-BD2D-7204BC73090E}
	EndGlobalSection
EndGlobal
